github.com/asciimoth/batchudp v0.1.5 h1:+uqpeOKGM1PpmPHZsNGFH+aZOXbW5+Q80FV/N0npYOk=
github.com/asciimoth/batchudp v0.1.5/go.mod h1:5TtuEfNLB7iF1QbbgT+snGeThJBm7eEov5TOaNAzrsw=
github.com/asciimoth/bufpool v0.3.0 h1:tQMop/kZ3eOLSorM9i0cqtOIpxWQUroGZ6oNk5DTnQc=
github.com/asciimoth/bufpool v0.3.0/go.mod h1:JV6H4hpj2bCS5Svr0wNqR+XOZFOOkdXfNZxCjm/3QHw=
github.com/asciimoth/gonnect v0.14.0 h1:sfP4qYiP9egKrhi+AgYUuRBrDLiVzRLHI9WrHafIc8E=
github.com/asciimoth/gonnect v0.14.0/go.mod h1:CohhruGEkUgKLF0ypR/RNFrdrqmJgUkKhvjMilED9Kk=
github.com/asciimoth/gonnect-netstack v0.4.16 h1:jhHGIPvMMNOiDRmP+akSruP/0PSDG0n165SDLBGIyxY=
github.com/asciimoth/gonnect-netstack v0.4.16/go.mod h1:P5MRE/ueLLo6iRJDrnIJ/S81uTZ+AhD/S7mvfFc0SdE=
github.com/asciimoth/ident v0.2.0 h1:G6qaTnkxTH+idV5YzJ7AvgC2nLQDE/aoV7rPCOtN07I=
github.com/asciimoth/ident v0.2.0/go.mod h1:JNNFnfM7/hdcXVkFBBOAU/vpJM+0gucYaAYwB694bT0=
github.com/asciimoth/socksgo v0.2.12 h1:1e+aqzFIRJRQ5nwot8doEue/5QUskWMQ5nAaItzoWqo=
github.com/asciimoth/socksgo v0.2.12/go.mod h1:FXg6Pgh+D3v7xhdbWAkzGSvb6aLisI0SV0ujet15oCY=
github.com/asciimoth/tuntap v0.3.3 h1:JUGvAWuNInFfZp2LdGbfDH19e5qtZ9IfLwnFkJzKwps=
github.com/asciimoth/tuntap v0.3.3/go.mod h1:7s+IAM/sNQ8EvrMKPWf79i27yslTbU4V2x+eRuw8+T0=
github.com/asciimoth/wgo v0.2.4 h1:tmZZyd4wlvtuTWOzQFlZe9bECB5T2/VLs73zXqu6ZFk=
github.com/asciimoth/wgo v0.2.4/go.mod h1:m/jI9tlyoVRloZwjcjmBI8wUxa9g+/YgSaayaQVQdqs=
github.com/coder/websocket v1.8.14 h1:9L0p0iKiNOibykf283eHkKUHHrpG7f65OE3BhhO7v9g=
github.com/coder/websocket v1.8.14/go.mod h1:NX3SzP+inril6yawo5CQXx8+fk145lPDC6pumgx0mVg=
github.com/google/btree v1.1.2 h1:xf4v41cLI2Z6FxbKm+8Bu+m8ifhj15JuZ9sa0jZCMUU=
github.com/google/btree v1.1.2/go.mod h1:qOPhT0dTNdNzV6Z/lhRX0YXUafgPLFUh+gZMl761Gm4=
github.com/xtaci/smux v1.5.44 h1:7T61zLfFX1jokXj6d+lPaxHnVwgYiJ7EN94DAudKqpg=
github.com/xtaci/smux v1.5.44/go.mod h1:IGQ9QYrBphmb/4aTnLEcJby0TNr3NV+OslIOMrX825Q=
golang.org/x/crypto v0.51.0 h1:IBPXwPfKxY7cWQZ38ZCIRPI50YLeevDLlLnyC5wRGTI=
golang.org/x/crypto v0.51.0/go.mod h1:8AdwkbraGNABw2kOX6YFPs3WM22XqI4EXEd8g+x7Oc8=
golang.org/x/exp v0.0.0-20231110203233-9a3e6036ecaa h1:FRnLl4eNAQl8hwxVVC17teOw8kdjVDVAiFMtgUdTSRQ=
golang.org/x/exp v0.0.0-20231110203233-9a3e6036ecaa/go.mod h1:zk2irFbV9DP96SEBUUAy67IdHUaZuSnrz1n472HUCLE=
golang.org/x/net v0.54.0 h1:2zJIZAxAHV/OHCDTCOHAYehQzLfSXuf/5SoL/Dv6w/w=
golang.org/x/net v0.54.0/go.mod h1:Sj4oj8jK6XmHpBZU/zWHw3BV3abl4Kvi+Ut7cQcY+cQ=
golang.org/x/sys v0.44.0 h1:ildZl3J4uzeKP07r2F++Op7E9B29JRUy+a27EibtBTQ=
golang.org/x/sys v0.44.0/go.mod h1:4GL1E5IUh+htKOUEOaiffhrAeqysfVGipDYzABqnCmw=
golang.org/x/time v0.12.0 h1:ScB/8o8olJvc+CQPWrK3fPZNfh7qgwCrY0zJmoEQLSE=
golang.org/x/time v0.12.0/go.mod h1:CDIdPxbZBQxdj6cxyCIdrNogrJKMJ7pr37NYpMcMDSg=
golang.zx2c4.com/wintun v0.0.0-20230126152724-0fa3db229ce2 h1:B82qJJgjvYKsXS9jeunTOisW56dUokqW/FOteYJJ/yg=
golang.zx2c4.com/wintun v0.0.0-20230126152724-0fa3db229ce2/go.mod h1:deeaetjYA+DHMHg+sMSMI58GrEteJUUzzw7en6TJQcI=
gvisor.dev/gvisor v0.0.0-20260325202830-7644cf3a343c h1:w3Uo045oOIWkOgMikBpMryDRKRib+WzrzlqMbpG0xf0=
gvisor.dev/gvisor v0.0.0-20260325202830-7644cf3a343c/go.mod h1:xQ2PWgHmWJA/Ph4i1q1jBm39BKhc3W0DXqWoDSyuBOY=
